<?xml version="1.0" encoding="utf-8"?>
<Project ToolsVersion="4.0" xmlns="http://schemas.microsoft.com/developer/msbuild/2003">
  <ItemGroup>
    <Filter Include="Source Files">
      <UniqueIdentifier>{4FC737F1-C7A5-4376-A066-2A32D752A2FF}</UniqueIdentifier>
      <Extensions>cpp;c;cc;cxx;def;odl;idl;hpj;bat;asm;asmx</Extensions>
    </Filter>
    <Filter Include="Header Files">
      <UniqueIdentifier>{93995380-89BD-4b04-88EB-625FBE52EBFB}</UniqueIdentifier>
      <Extensions>h;hh;hpp;hxx;hm;inl;inc;ipp;xsd</Extensions>
    </Filter>
    <Filter Include="Resource Files">
      <UniqueIdentifier>{67DA6AB6-F800-4c08-8B7A-83BB121AAD01}</UniqueIdentifier>
      <Extensions>rc;ico;cur;bmp;dlg;rc2;rct;bin;rgs;gif;jpg;jpeg;jpe;resx;tiff;tif;png;wav;mfcribbon-ms</Extensions>
    </Filter>
    <Filter Include="Source Files\imgui">
      <UniqueIdentifier>{a5996b8b-0ee0-4e8d-96ee-ef38afe87bc0}</UniqueIdentifier>
    </Filter>
    <Filter Include="Source Files\drawable">
      <UniqueIdentifier>{87d81e83-94fd-46ba-919a-742c79d580a8}</UniqueIdentifier>
    </Filter>
    <Filter Include="Header Files\drawable">
      <UniqueIdentifier>{69c2355c-195b-48d0-8a8d-2064e6f57fdc}</UniqueIdentifier>
    </Filter>
    <Filter Include="Header Files\material">
      <UniqueIdentifier>{37539689-a360-427f-9e21-d1d909dc5f1b}</UniqueIdentifier>
    </Filter>
    <Filter Include="Header Files\Shader">
      <UniqueIdentifier>{87da69ed-245d-4424-9e45-220073cff38e}</UniqueIdentifier>
    </Filter>
    <Filter Include="Source Files\material">
      <UniqueIdentifier>{d1d02e3b-ad50-49e2-8a22-6348854a0b9d}</UniqueIdentifier>
    </Filter>
    <Filter Include="Source Files\shader">
      <UniqueIdentifier>{5b2e917e-fd60-4e9e-82c7-0ce610d336ad}</UniqueIdentifier>
    </Filter>
  </ItemGroup>
  <ItemGroup>
    <ClCompile Include="app.cpp">
      <Filter>Source Files</Filter>
    </ClCompile>
    <ClCompile Include="imgui\imgui_impl_opengl3.cpp">
      <Filter>Source Files\imgui</Filter>
    </ClCompile>
    <ClCompile Include="imgui\imgui_impl_glfw.cpp">
      <Filter>Source Files\imgui</Filter>
    </ClCompile>
    <ClCompile Include="ui.cpp">
      <Filter>Source Files</Filter>
    </ClCompile>
    <ClCompile Include="drawable\triangle.cpp">
      <Filter>Source Files\drawable</Filter>
    </ClCompile>
    <ClCompile Include="material\material.cpp">
      <Filter>Source Files\material</Filter>
    </ClCompile>
    <ClCompile Include="material\mBasic.cpp">
      <Filter>Source Files\material</Filter>
    </ClCompile>
    <ClCompile Include="drawable\drawable.cpp">
      <Filter>Source Files\drawable</Filter>
    </ClCompile>
    <ClCompile Include="shader\sBasic.cpp">
      <Filter>Source Files\shader</Filter>
    </ClCompile>
  </ItemGroup>
  <ItemGroup>
    <ClInclude Include="ui.h">
      <Filter>Header Files</Filter>
    </ClInclude>
    <ClInclude Include="drawable\triangle.h">
      <Filter>Header Files\drawable</Filter>
    </ClInclude>
    <ClInclude Include="material\material.h">
      <Filter>Header Files\material</Filter>
    </ClInclude>
    <ClInclude Include="material\mBasic.h">
      <Filter>Header Files\material</Filter>
    </ClInclude>
    <ClInclude Include="shader\sBasic.h">
      <Filter>Header Files\Shader</Filter>
    </ClInclude>
    <ClInclude Include="shader\shader.h">
      <Filter>Header Files\Shader</Filter>
    </ClInclude>
    <ClInclude Include="drawable\drawable.h">
      <Filter>Header Files\drawable</Filter>
    </ClInclude>
  </ItemGroup>
  <ItemGroup>
    <None Include="shader\tran.fs">
      <Filter>Resource Files</Filter>
    </None>
    <None Include="shader\tran.vs">
      <Filter>Resource Files</Filter>
    </None>
  </ItemGroup>
</Project>